
Microsoft Visual Studio Solution File, Format Version 12.00
# Visual Studio Version 16
VisualStudioVersion = 16.0.30804.86
MinimumVisualStudioVersion = 10.0.40219.1
Project("{9A19103F-16F7-4668-BE54-9A1E7A4F7556}") = "SpeedMeasuremetRazor", "SpeedMeasuremetRazor\SpeedMeasuremetRazor.csproj", "{36626B5B-4ECB-4B6B-AA05-47D4E4F6C0EC}"
EndProject
Project("{FAE04EC0-301F-11D3-BF4B-00C04F79EFBC}") = "UnitTestSpeedMeasurement", "UnitTestSpeedMeasurement\UnitTestSpeedMeasurement.csproj", "{E3AD6686-E0DA-49C0-B9E5-49AEB50415C4}"
EndProject
Global
	GlobalSection(SolutionConfigurationPlatforms) = preSolution
		Debug|Any CPU = Debug|Any CPU
		Release|Any CPU = Release|Any CPU
	EndGlobalSection
	GlobalSection(ProjectConfigurationPlatforms) = postSolution
		{36626B5B-4ECB-4B6B-AA05-47D4E4F6C0EC}.Debug|Any CPU.ActiveCfg = Debug|Any CPU
		{36626B5B-4ECB-4B6B-AA05-47D4E4F6C0EC}.Debug|Any CPU.Build.0 = Debug|Any CPU
		{36626B5B-4ECB-4B6B-AA05-47D4E4F6C0EC}.Release|Any CPU.ActiveCfg = Release|Any CPU
		{36626B5B-4ECB-4B6B-AA05-47D4E4F6C0EC}.Release|Any CPU.Build.0 = Release|Any CPU
		{E3AD6686-E0DA-49C0-B9E5-49AEB50415C4}.Debug|Any CPU.ActiveCfg = Debug|Any CPU
		{E3AD6686-E0DA-49C0-B9E5-49AEB50415C4}.Debug|Any CPU.Build.0 = Debug|Any CPU
		{E3AD6686-E0DA-49C0-B9E5-49AEB50415C4}.Release|Any CPU.ActiveCfg = Release|Any CPU
		{E3AD6686-E0DA-49C0-B9E5-49AEB50415C4}.Release|Any CPU.Build.0 = Release|Any CPU
	EndGlobalSection
	GlobalSection(SolutionProperties) = preSolution
		HideSolutionNode = FALSE
	EndGlobalSection
	GlobalSection(ExtensibilityGlobals) = postSolution
		SolutionGuid = {4D594B13-C101-4B78-9BA3-309623ED81A1}
	EndGlobalSection
EndGlobal
